
Microsoft Visual Studio Solution File, Format Version 12.00
# Visual Studio Version 17
VisualStudioVersion = 17.0.32014.148
MinimumVisualStudioVersion = 10.0.40219.1
Project("{8BC9CEB8-8B4A-11D0-8D11-00A0C91BC942}") = "Fractals", "Fractals\Fractals.vcxproj", "{CBEE5892-0F3D-430A-BEEC-D9E310C24706}"
EndProject
Global
	GlobalSection(SolutionConfigurationPlatforms) = preSolution
		Debug|x64 = Debug|x64
		Debug|x86 = Debug|x86
		Release|x64 = Release|x64
		Release|x86 = Release|x86
	EndGlobalSection
	GlobalSection(ProjectConfigurationPlatforms) = postSolution
		{CBEE5892-0F3D-430A-BEEC-D9E310C24706}.Debug|x64.ActiveCfg = Debug|x64
		{CBEE5892-0F3D-430A-BEEC-D9E310C24706}.Debug|x64.Build.0 = Debug|x64
		{CBEE5892-0F3D-430A-BEEC-D9E310C24706}.Debug|x86.ActiveCfg = Debug|Win32
		{CBEE5892-0F3D-430A-BEEC-D9E310C24706}.Debug|x86.Build.0 = Debug|Win32
		{CBEE5892-0F3D-430A-BEEC-D9E310C24706}.Release|x64.ActiveCfg = Release|x64
		{CBEE5892-0F3D-430A-BEEC-D9E310C24706}.Release|x64.Build.0 = Release|x64
		{CBEE5892-0F3D-430A-BEEC-D9E310C24706}.Release|x86.ActiveCfg = Release|Win32
		{CBEE5892-0F3D-430A-BEEC-D9E310C24706}.Release|x86.Build.0 = Release|Win32
	EndGlobalSection
	GlobalSection(SolutionProperties) = preSolution
		HideSolutionNode = FALSE
	EndGlobalSection
	GlobalSection(ExtensibilityGlobals) = postSolution
		SolutionGuid = {1D3C1478-54CC-4CF9-920E-1A2B165131DA}
	EndGlobalSection
EndGlobal
